version = 1
revision = 3
requires-python = ">=3.11"

[manifest]
members = [
    "django-app-development",
    "firstdjangomodel",
]

[[package]]
name = "asgiref"
version = "3.9.1"
source = { registry = "https://pypi.org/simple" }
sdist = { url = "https://files.pythonhosted.org/packages/90/61/0aa957eec22ff70b830b22ff91f825e70e1ef732c06666a805730f28b36b/asgiref-3.9.1.tar.gz", hash = "sha256:a5ab6582236218e5ef1648f242fd9f10626cfd4de8dc377db215d5d5098e3142", size = 36870, upload-time = "2025-07-08T09:07:43.344Z" }
wheels = [
    { url = "https://files.pythonhosted.org/packages/7c/3c/0464dcada90d5da0e71018c04a140ad6349558afb30b3051b4264cc5b965/asgiref-3.9.1-py3-none-any.whl", hash = "sha256:f3bba7092a48005b5f5bacd747d36ee4a5a61f4a269a6df590b43144355ebd2c", size = 23790, upload-time = "2025-07-08T09:07:41.548Z" },
]

[[package]]
name = "django"
version = "4.2.4"
source = { registry = "https://pypi.org/simple" }
dependencies = [
    { name = "asgiref" },
    { name = "sqlparse" },
    { name = "tzdata", marker = "sys_platform == 'win32'" },
]
sdist = { url = "https://files.pythonhosted.org/packages/8d/d2/a4f823741a12089e9ea0f68e1e7d3b6ad5b64e1665fbe9377cd9e1dc09cc/Django-4.2.4.tar.gz", hash = "sha256:7e4225ec065e0f354ccf7349a22d209de09cc1c074832be9eb84c51c1799c432", size = 10393648, upload-time = "2023-08-01T17:30:23.968Z" }
wheels = [
    { url = "https://files.pythonhosted.org/packages/7f/9e/fc6bab255ae10bc57fa2f65646eace3d5405fbb7f5678b90140052d1db0f/Django-4.2.4-py3-none-any.whl", hash = "sha256:860ae6a138a238fc4f22c99b52f3ead982bb4b1aad8c0122bcd8c8a3a02e409d", size = 7990073, upload-time = "2023-08-01T17:30:17.903Z" },
]

[[package]]
name = "django-app-development"
version = "0.1.0"
source = { virtual = "." }
dependencies = [
    { name = "django" },
    { name = "psycopg2-binary" },
    { name = "python-dotenv" },
]

[package.metadata]
requires-dist = [
    { name = "django", specifier = "==4.2.4" },
    { name = "psycopg2-binary", specifier = "==2.9.7" },
    { name = "python-dotenv", specifier = ">=1.1.1" },
]

[[package]]
name = "firstdjangomodel"
version = "0.1.0"
source = { virtual = "lab1_template" }
dependencies = [
    { name = "django" },
    { name = "psycopg2-binary" },
    { name = "python-dotenv" },
]

[package.metadata]
requires-dist = [
    { name = "django", specifier = "==4.2.4" },
    { name = "psycopg2-binary", specifier = "==2.9.7" },
    { name = "python-dotenv", specifier = ">=1.1.1" },
]

[[package]]
name = "psycopg2-binary"
version = "2.9.7"
source = { registry = "https://pypi.org/simple" }
sdist = { url = "https://files.pythonhosted.org/packages/45/f4/4da1e7f836de4fa3ddb294bb1d4c08daa5cd7b261a6b9a5b50a653a1a29f/psycopg2-binary-2.9.7.tar.gz", hash = "sha256:1b918f64a51ffe19cd2e230b3240ba481330ce1d4b7875ae67305bd1d37b041c", size = 383573, upload-time = "2023-08-05T10:39:32.036Z" }
wheels = [
    { url = "https://files.pythonhosted.org/packages/37/e6/7dd26ba148a02b7e78471ed7ce177e9890167994c5a1d4182361b9bee4cc/psycopg2_binary-2.9.7-cp311-cp311-macosx_10_9_x86_64.whl", hash = "sha256:4ecc15666f16f97709106d87284c136cdc82647e1c3f8392a672616aed3c7151", size = 2764246, upload-time = "2023-08-05T10:36:43.317Z" },
    { url = "https://files.pythonhosted.org/packages/45/ff/5a2e9608efe865da075205833a1aa301144d8578667cdd5206ece876601c/psycopg2_binary-2.9.7-cp311-cp311-macosx_11_0_arm64.whl", hash = "sha256:3fbb1184c7e9d28d67671992970718c05af5f77fc88e26fd7136613c4ece1f89", size = 2518019, upload-time = "2023-08-05T10:36:46.754Z" },
    { url = "https://files.pythonhosted.org/packages/8b/fa/cec4ab1f4c64ee7e311de9f582982904bdb0ab9ee93e03fbe1b748e334c4/psycopg2_binary-2.9.7-cp311-cp311-manylinux_2_17_aarch64.manylinux2014_aarch64.whl", hash = "sha256:8a7968fd20bd550431837656872c19575b687f3f6f98120046228e451e4064df", size = 2845888, upload-time = "2023-08-05T10:36:50.691Z" },
    { url = "https://files.pythonhosted.org/packages/fe/f6/ff2218e4188ca444416dfbe215b25248ee21695a92d49df4caa37ad5d054/psycopg2_binary-2.9.7-cp311-cp311-manylinux_2_17_i686.manylinux2014_i686.whl", hash = "sha256:094af2e77a1976efd4956a031028774b827029729725e136514aae3cdf49b87b", size = 3075867, upload-time = "2023-08-05T10:36:54.609Z" },
    { url = "https://files.pythonhosted.org/packages/40/c9/64b58cca12ad02d59fd90edce00e6b0a215abe897e6884a0e1a624a0bd61/psycopg2_binary-2.9.7-cp311-cp311-manylinux_2_17_ppc64le.manylinux2014_ppc64le.whl", hash = "sha256:26484e913d472ecb6b45937ea55ce29c57c662066d222fb0fbdc1fab457f18c5", size = 3257344, upload-time = "2023-08-05T10:36:58.615Z" },
    { url = "https://files.pythonhosted.org/packages/20/81/4940235d18747f865d47eb38b98f38acc24b39278b12e20a0fdd20e0a132/psycopg2_binary-2.9.7-cp311-cp311-manylinux_2_17_x86_64.manylinux2014_x86_64.whl", hash = "sha256:8f309b77a7c716e6ed9891b9b42953c3ff7d533dc548c1e33fddc73d2f5e21f9", size = 3015249, upload-time = "2023-08-05T10:37:02.46Z" },
    { url = "https://files.pythonhosted.org/packages/04/dd/60643c99ab7c364c8693d3c238f8144443d0bfbba415a0720bd717853b24/psycopg2_binary-2.9.7-cp311-cp311-musllinux_1_1_aarch64.whl", hash = "sha256:6d92e139ca388ccfe8c04aacc163756e55ba4c623c6ba13d5d1595ed97523e4b", size = 2351431, upload-time = "2023-08-05T10:37:06.278Z" },
    { url = "https://files.pythonhosted.org/packages/46/b5/32f738ebcba965b2b38b794eb3e165560161bdc57f9738fca4ce86f5bf8a/psycopg2_binary-2.9.7-cp311-cp311-musllinux_1_1_i686.whl", hash = "sha256:2df562bb2e4e00ee064779902d721223cfa9f8f58e7e52318c97d139cf7f012d", size = 2530319, upload-time = "2023-08-05T10:37:09.583Z" },
    { url = "https://files.pythonhosted.org/packages/1d/87/3b0d28ce44a0173ca6aa7e0ab073e24a80040fb04dd3d883fa2184ae402d/psycopg2_binary-2.9.7-cp311-cp311-musllinux_1_1_ppc64le.whl", hash = "sha256:4eec5d36dbcfc076caab61a2114c12094c0b7027d57e9e4387b634e8ab36fd44", size = 2480358, upload-time = "2023-08-05T10:37:12.857Z" },
    { url = "https://files.pythonhosted.org/packages/9b/ae/dd11e38562224721f4928147ce70fa17f2c28fc562a22a40cc0db1026297/psycopg2_binary-2.9.7-cp311-cp311-musllinux_1_1_x86_64.whl", hash = "sha256:1011eeb0c51e5b9ea1016f0f45fa23aca63966a4c0afcf0340ccabe85a9f65bd", size = 2451293, upload-time = "2023-08-05T10:37:16.247Z" },
    { url = "https://files.pythonhosted.org/packages/c0/75/cf5dd290e8f910e6e566077f3f91ee4bb7622d2adf9d4187d4814249e779/psycopg2_binary-2.9.7-cp311-cp311-win32.whl", hash = "sha256:ded8e15f7550db9e75c60b3d9fcbc7737fea258a0f10032cdb7edc26c2a671fd", size = 1020743, upload-time = "2023-08-05T10:37:18.463Z" },
    { url = "https://files.pythonhosted.org/packages/37/d8/6d94513d2bc993cdbf309017425b2b691da2b0e26b446d17866c57f99d8c/psycopg2_binary-2.9.7-cp311-cp311-win_amd64.whl", hash = "sha256:8a136c8aaf6615653450817a7abe0fc01e4ea720ae41dfb2823eccae4b9062a3", size = 1158890, upload-time = "2023-08-05T10:37:20.868Z" },
]

[[package]]
name = "python-dotenv"
version = "1.1.1"
source = { registry = "https://pypi.org/simple" }
sdist = { url = "https://files.pythonhosted.org/packages/f6/b0/4bc07ccd3572a2f9df7e6782f52b0c6c90dcbb803ac4a167702d7d0dfe1e/python_dotenv-1.1.1.tar.gz", hash = "sha256:a8a6399716257f45be6a007360200409fce5cda2661e3dec71d23dc15f6189ab", size = 41978, upload-time = "2025-06-24T04:21:07.341Z" }
wheels = [
    { url = "https://files.pythonhosted.org/packages/5f/ed/539768cf28c661b5b068d66d96a2f155c4971a5d55684a514c1a0e0dec2f/python_dotenv-1.1.1-py3-none-any.whl", hash = "sha256:31f23644fe2602f88ff55e1f5c79ba497e01224ee7737937930c448e4d0e24dc", size = 20556, upload-time = "2025-06-24T04:21:06.073Z" },
]

[[package]]
name = "sqlparse"
version = "0.5.3"
source = { registry = "https://pypi.org/simple" }
sdist = { url = "https://files.pythonhosted.org/packages/e5/40/edede8dd6977b0d3da179a342c198ed100dd2aba4be081861ee5911e4da4/sqlparse-0.5.3.tar.gz", hash = "sha256:09f67787f56a0b16ecdbde1bfc7f5d9c3371ca683cfeaa8e6ff60b4807ec9272", size = 84999, upload-time = "2024-12-10T12:05:30.728Z" }
wheels = [
    { url = "https://files.pythonhosted.org/packages/a9/5c/bfd6bd0bf979426d405cc6e71eceb8701b148b16c21d2dc3c261efc61c7b/sqlparse-0.5.3-py3-none-any.whl", hash = "sha256:cf2196ed3418f3ba5de6af7e82c694a9fbdbfecccdfc72e281548517081f16ca", size = 44415, upload-time = "2024-12-10T12:05:27.824Z" },
]

[[package]]
name = "tzdata"
version = "2025.2"
source = { registry = "https://pypi.org/simple" }
sdist = { url = "https://files.pythonhosted.org/packages/95/32/1a225d6164441be760d75c2c42e2780dc0873fe382da3e98a2e1e48361e5/tzdata-2025.2.tar.gz", hash = "sha256:b60a638fcc0daffadf82fe0f57e53d06bdec2f36c4df66280ae79bce6bd6f2b9", size = 196380, upload-time = "2025-03-23T13:54:43.652Z" }
wheels = [
    { url = "https://files.pythonhosted.org/packages/5c/23/c7abc0ca0a1526a0774eca151daeb8de62ec457e77262b66b359c3c7679e/tzdata-2025.2-py2.py3-none-any.whl", hash = "sha256:1a403fada01ff9221ca8044d701868fa132215d84beb92242d9acd2147f667a8", size = 347839, upload-time = "2025-03-23T13:54:41.845Z" },
]
